uuid: e1e43c27-1241-497f-803e-19e8ab059acc
langcode: sv
status: true
dependencies:
  module:
    - node
    - text
id: node.field_text_block
field_name: field_text_block
entity_type: node
type: text_long
settings: {  }
module: text
locked: false
cardinality: 1
translatable: true
indexes: {  }
persist_with_no_fields: false
custom_storage: false
